PODS:
  - Alamofire (4.4.0)
  - Cosmos (8.0.2)
  - FLAnimatedImage (1.0.12)
  - iCarousel (1.8.3)
  - Moya (8.0.3):
    - Moya/Core (= 8.0.3)
  - Moya/Core (8.0.3):
    - Alamofire (~> 4.1)
    - Result (~> 3.0)
  - Nimble (6.0.1)
  - PINCache (2.3)
  - PINRemoteImage (2.1.4):
    - PINRemoteImage/FLAnimatedImage (= 2.1.4)
  - PINRemoteImage/Core (2.1.4):
    - PINCache (>= 2.1)
  - PINRemoteImage/FLAnimatedImage (2.1.4):
    - FLAnimatedImage (>= 1.0)
    - PINRemoteImage/Core
  - Quick (1.1.0)
  - Result (3.2.1)

DEPENDENCIES:
  - Cosmos (~> 8.0)
  - iCarousel
  - Moya
  - Nimble
  - PINRemoteImage
  - Quick

SPEC CHECKSUMS:
  Alamofire: dc44b1600b800eb63da6a19039a0083d62a6a62d
  Cosmos: 007c0b8e33a85e5363911bdd933571bbe221f7ef
  FLAnimatedImage: 4a0b56255d9b05f18b6dd7ee06871be5d3b89e31
  iCarousel: d782f635afac190c49bb8ee455882284cff8b85f
  Moya: d3721622e3cc0cc2f038d69a258686f0b66e7252
  Nimble: 1527fd1bd2b4cf0636251a36bc8ab37e81da8347
  PINCache: ce36ed282031b92fc7733ffe831f474ff80fddc2
  PINRemoteImage: 4ac4011c5caefd6befd99758e09becede05d3226
  Quick: dafc587e21eed9f4cab3249b9f9015b0b7a7f71d
  Result: 2453a22e5c5b11c0c3a478736e82cd02f763b781

PODFILE CHECKSUM: f4f1d6219f86804939e8791eef75e50ea0f4087c

COCOAPODS: 1.2.0
