PODS:
  - Alamofire (4.4.0)
  - Moya (8.0.3):
    - Moya/Core (= 8.0.3)
  - Moya/Core (8.0.3):
    - Alamofire (~> 4.1)
    - Result (~> 3.0)
  - Result (3.2.1)

DEPENDENCIES:
  - Moya (~> 8.0.3)

SPEC CHECKSUMS:
  Alamofire: dc44b1600b800eb63da6a19039a0083d62a6a62d
  Moya: d3721622e3cc0cc2f038d69a258686f0b66e7252
  Result: 2453a22e5c5b11c0c3a478736e82cd02f763b781

PODFILE CHECKSUM: 6c5a7340feaca43bbfb5b0135780b8c9faac7104

COCOAPODS: 1.2.0
