// !$*UTF8*$!
{
	archiveVersion = 1;
	classes = {
	};
	objectVersion = 48;
	objects = {

/* Begin PBXBuildFile section */
		3B011BC41E81C92500DDA24D /* APIKeys.swift in Sources */ = {isa = PBXBuildFile; fileRef = 3B011BC31E81C92500DDA24D /* APIKeys.swift */; };
		3B011BC91E81F12A00DDA24D /* MoyaResponseExtension.swift in Sources */ = {isa = PBXBuildFile; fileRef = 3B011BC81E81F12A00DDA24D /* MoyaResponseExtension.swift */; };
		3B011BCB1E81F74A00DDA24D /* JSONAble.swift in Sources */ = {isa = PBXBuildFile; fileRef = 3B011BCA1E81F74A00DDA24D /* JSONAble.swift */; };
		3B011BCE1E82107700DDA24D /* Movie.json in Resources */ = {isa = PBXBuildFile; fileRef = 3B011BCD1E82107700DDA24D /* Movie.json */; };
		3B011BD31E82122B00DDA24D /* Genre.swift in Sources */ = {isa = PBXBuildFile; fileRef = 3B011BD21E82122B00DDA24D /* Genre.swift */; };
		3B011BD61E824FDE00DDA24D /* GenreTests.swift in Sources */ = {isa = PBXBuildFile; fileRef = 3B011BD51E824FDE00DDA24D /* GenreTests.swift */; };
		3B011BD81E837BA200DDA24D /* ProductionCompany.swift in Sources */ = {isa = PBXBuildFile; fileRef = 3B011BD71E837BA200DDA24D /* ProductionCompany.swift */; };
		3B011BDA1E837CA000DDA24D /* ProductionCompanyTests.swift in Sources */ = {isa = PBXBuildFile; fileRef = 3B011BD91E837CA000DDA24D /* ProductionCompanyTests.swift */; };
		3B011BDC1E837E9C00DDA24D /* ProductionCountry.swift in Sources */ = {isa = PBXBuildFile; fileRef = 3B011BDB1E837E9C00DDA24D /* ProductionCountry.swift */; };
		3B011BDE1E83806E00DDA24D /* ProductionCountryTests.swift in Sources */ = {isa = PBXBuildFile; fileRef = 3B011BDD1E83806E00DDA24D /* ProductionCountryTests.swift */; };
		3B2EC01B1E81276D00435CA9 /* TMDbAPI.swift in Sources */ = {isa = PBXBuildFile; fileRef = 3B2EC01A1E81276D00435CA9 /* TMDbAPI.swift */; };
		3B43BCEC1E838E3D00FBBB66 /* SpokenLanguage.swift in Sources */ = {isa = PBXBuildFile; fileRef = 3B43BCEB1E838E3D00FBBB66 /* SpokenLanguage.swift */; };
		3B43BCEE1E838F3F00FBBB66 /* SpokenLanguageTests.swift in Sources */ = {isa = PBXBuildFile; fileRef = 3B43BCED1E838F3F00FBBB66 /* SpokenLanguageTests.swift */; };
		3B43BCF21E839B2400FBBB66 /* Video.swift in Sources */ = {isa = PBXBuildFile; fileRef = 3B43BCF11E839B2400FBBB66 /* Video.swift */; };
		3B43BCF41E83A17900FBBB66 /* VideoTests.swift in Sources */ = {isa = PBXBuildFile; fileRef = 3B43BCF31E83A17900FBBB66 /* VideoTests.swift */; };
		3B43BCF61E83A59300FBBB66 /* BackdropImage.swift in Sources */ = {isa = PBXBuildFile; fileRef = 3B43BCF51E83A59300FBBB66 /* BackdropImage.swift */; };
		3B43BCF81E83B4C600FBBB66 /* BackdropImageTests.swift in Sources */ = {isa = PBXBuildFile; fileRef = 3B43BCF71E83B4C600FBBB66 /* BackdropImageTests.swift */; };
		3B701FB51E8A314300265595 /* IntroCollectionViewCell.swift in Sources */ = {isa = PBXBuildFile; fileRef = 3B701FB31E8A314300265595 /* IntroCollectionViewCell.swift */; };
		3B701FB61E8A314300265595 /* IntroCollectionViewCell.xib in Resources */ = {isa = PBXBuildFile; fileRef = 3B701FB41E8A314300265595 /* IntroCollectionViewCell.xib */; };
		3B701FB81E8A3B3200265595 /* IntroTableViewCell.swift in Sources */ = {isa = PBXBuildFile; fileRef = 3B701FB71E8A3B3200265595 /* IntroTableViewCell.swift */; };
		3B701FBA1E8A3DA700265595 /* IntroCollectionView.swift in Sources */ = {isa = PBXBuildFile; fileRef = 3B701FB91E8A3DA700265595 /* IntroCollectionView.swift */; };
		3BAB454A1E7FEA21009E4E41 /* AppDelegate.swift in Sources */ = {isa = PBXBuildFile; fileRef = 3BAB45491E7FEA21009E4E41 /* AppDelegate.swift */; };
		3BAB45511E7FEA21009E4E41 /* Assets.xcassets in Resources */ = {isa = PBXBuildFile; fileRef = 3BAB45501E7FEA21009E4E41 /* Assets.xcassets */; };
		3BAB45541E7FEA21009E4E41 /* LaunchScreen.storyboard in Resources */ = {isa = PBXBuildFile; fileRef = 3BAB45521E7FEA21009E4E41 /* LaunchScreen.storyboard */; };
		3BB613631E8AE1DE009EDF42 /* ReplayColors.swift in Sources */ = {isa = PBXBuildFile; fileRef = 3BB613621E8AE1DE009EDF42 /* ReplayColors.swift */; };
		3BC6B59F1E85AA890055F43F /* Movie.swift in Sources */ = {isa = PBXBuildFile; fileRef = 3BC6B59E1E85AA890055F43F /* Movie.swift */; };
		3BC6B5A11E85F7D90055F43F /* MovieTests.swift in Sources */ = {isa = PBXBuildFile; fileRef = 3BC6B5A01E85F7D90055F43F /* MovieTests.swift */; };
		3BC6B5A31E86184F0055F43F /* OMDbAPI.swift in Sources */ = {isa = PBXBuildFile; fileRef = 3BC6B5A21E86184F0055F43F /* OMDbAPI.swift */; };
		3BC6B5A51E8623620055F43F /* Stub.swift in Sources */ = {isa = PBXBuildFile; fileRef = 3BC6B5A41E8623620055F43F /* Stub.swift */; };
		3BC6B5A71E8626820055F43F /* MovieOMDb.json in Resources */ = {isa = PBXBuildFile; fileRef = 3BC6B5A61E8626820055F43F /* MovieOMDb.json */; };
		3BC6B5A91E863E010055F43F /* MovieOMDb.swift in Sources */ = {isa = PBXBuildFile; fileRef = 3BC6B5A81E863E010055F43F /* MovieOMDb.swift */; };
		3BC6B5AB1E86E8B50055F43F /* MovieOMDbTests.swift in Sources */ = {isa = PBXBuildFile; fileRef = 3BC6B5AA1E86E8B50055F43F /* MovieOMDbTests.swift */; };
		3BC6B5AD1E870DF40055F43F /* MovieIntro.swift in Sources */ = {isa = PBXBuildFile; fileRef = 3BC6B5AC1E870DF40055F43F /* MovieIntro.swift */; };
		3BC6B5FB1E88488A0055F43F /* IntroTableViewController.swift in Sources */ = {isa = PBXBuildFile; fileRef = 3BC6B5FA1E88488A0055F43F /* IntroTableViewController.swift */; };
		3BC6B6011E884A770055F43F /* Intro.storyboard in Resources */ = {isa = PBXBuildFile; fileRef = 3BC6B6001E884A770055F43F /* Intro.storyboard */; };
		5AF79E92BA3EEF475365AD94 /* Pods_ReplayTests.framework in Frameworks */ = {isa = PBXBuildFile; fileRef = 822D57B62D2E244CC118DC5C /* Pods_ReplayTests.framework */; };
		9C4B818D27DAB46D2A08AAB0 /* Pods_Replay.framework in Frameworks */ = {isa = PBXBuildFile; fileRef = A233BD0F0D3339C967E6C686 /* Pods_Replay.framework */; };
/* End PBXBuildFile section */

/* Begin PBXContainerItemProxy section */
		3BAB455B1E7FEA21009E4E41 /* PBXContainerItemProxy */ = {
			isa = PBXContainerItemProxy;
			containerPortal = 3BAB453E1E7FEA20009E4E41 /* Project object */;
			proxyType = 1;
			remoteGlobalIDString = 3BAB45451E7FEA20009E4E41;
			remoteInfo = Replay;
		};
/* End PBXContainerItemProxy section */

/* Begin PBXFileReference section */
		344B3A25ACA45F5ABB6A3D4F /* Pods-Replay.debug.xcconfig */ = {isa = PBXFileReference; includeInIndex = 1; lastKnownFileType = text.xcconfig; name = "Pods-Replay.debug.xcconfig"; path = "Pods/Target Support Files/Pods-Replay/Pods-Replay.debug.xcconfig"; sourceTree = "<group>"; };
		3B011BC31E81C92500DDA24D /* APIKeys.swift */ = {isa = PBXFileReference; fileEncoding = 4; lastKnownFileType = sourcecode.swift; path = APIKeys.swift; sourceTree = "<group>"; };
		3B011BC81E81F12A00DDA24D /* MoyaResponseExtension.swift */ = {isa = PBXFileReference; fileEncoding = 4; lastKnownFileType = sourcecode.swift; path = MoyaResponseExtension.swift; sourceTree = "<group>"; };
		3B011BCA1E81F74A00DDA24D /* JSONAble.swift */ = {isa = PBXFileReference; fileEncoding = 4; lastKnownFileType = sourcecode.swift; path = JSONAble.swift; sourceTree = "<group>"; };
		3B011BCD1E82107700DDA24D /* Movie.json */ = {isa = PBXFileReference; fileEncoding = 4; lastKnownFileType = text.json; path = Movie.json; sourceTree = "<group>"; };
		3B011BD21E82122B00DDA24D /* Genre.swift */ = {isa = PBXFileReference; fileEncoding = 4; lastKnownFileType = sourcecode.swift; path = Genre.swift; sourceTree = "<group>"; };
		3B011BD51E824FDE00DDA24D /* GenreTests.swift */ = {isa = PBXFileReference; fileEncoding = 4; lastKnownFileType = sourcecode.swift; path = GenreTests.swift; sourceTree = "<group>"; };
		3B011BD71E837BA200DDA24D /* ProductionCompany.swift */ = {isa = PBXFileReference; fileEncoding = 4; lastKnownFileType = sourcecode.swift; path = ProductionCompany.swift; sourceTree = "<group>"; };
		3B011BD91E837CA000DDA24D /* ProductionCompanyTests.swift */ = {isa = PBXFileReference; fileEncoding = 4; lastKnownFileType = sourcecode.swift; path = ProductionCompanyTests.swift; sourceTree = "<group>"; };
		3B011BDB1E837E9C00DDA24D /* ProductionCountry.swift */ = {isa = PBXFileReference; fileEncoding = 4; lastKnownFileType = sourcecode.swift; path = ProductionCountry.swift; sourceTree = "<group>"; };
		3B011BDD1E83806E00DDA24D /* ProductionCountryTests.swift */ = {isa = PBXFileReference; fileEncoding = 4; lastKnownFileType = sourcecode.swift; path = ProductionCountryTests.swift; sourceTree = "<group>"; };
		3B2EC01A1E81276D00435CA9 /* TMDbAPI.swift */ = {isa = PBXFileReference; fileEncoding = 4; lastKnownFileType = sourcecode.swift; path = TMDbAPI.swift; sourceTree = "<group>"; };
		3B43BCEB1E838E3D00FBBB66 /* SpokenLanguage.swift */ = {isa = PBXFileReference; fileEncoding = 4; lastKnownFileType = sourcecode.swift; path = SpokenLanguage.swift; sourceTree = "<group>"; };
		3B43BCED1E838F3F00FBBB66 /* SpokenLanguageTests.swift */ = {isa = PBXFileReference; fileEncoding = 4; lastKnownFileType = sourcecode.swift; path = SpokenLanguageTests.swift; sourceTree = "<group>"; };
		3B43BCF11E839B2400FBBB66 /* Video.swift */ = {isa = PBXFileReference; fileEncoding = 4; lastKnownFileType = sourcecode.swift; path = Video.swift; sourceTree = "<group>"; };
		3B43BCF31E83A17900FBBB66 /* VideoTests.swift */ = {isa = PBXFileReference; fileEncoding = 4; lastKnownFileType = sourcecode.swift; path = VideoTests.swift; sourceTree = "<group>"; };
		3B43BCF51E83A59300FBBB66 /* BackdropImage.swift */ = {isa = PBXFileReference; fileEncoding = 4; lastKnownFileType = sourcecode.swift; path = BackdropImage.swift; sourceTree = "<group>"; };
		3B43BCF71E83B4C600FBBB66 /* BackdropImageTests.swift */ = {isa = PBXFileReference; fileEncoding = 4; lastKnownFileType = sourcecode.swift; path = BackdropImageTests.swift; sourceTree = "<group>"; };
		3B701FB31E8A314300265595 /* IntroCollectionViewCell.swift */ = {isa = PBXFileReference; fileEncoding = 4; lastKnownFileType = sourcecode.swift; path = IntroCollectionViewCell.swift; sourceTree = "<group>"; };
		3B701FB41E8A314300265595 /* IntroCollectionViewCell.xib */ = {isa = PBXFileReference; fileEncoding = 4; lastKnownFileType = file.xib; path = IntroCollectionViewCell.xib; sourceTree = "<group>"; };
		3B701FB71E8A3B3200265595 /* IntroTableViewCell.swift */ = {isa = PBXFileReference; fileEncoding = 4; lastKnownFileType = sourcecode.swift; path = IntroTableViewCell.swift; sourceTree = "<group>"; };
		3B701FB91E8A3DA700265595 /* IntroCollectionView.swift */ = {isa = PBXFileReference; fileEncoding = 4; lastKnownFileType = sourcecode.swift; path = IntroCollectionView.swift; sourceTree = "<group>"; };
		3BAB45461E7FEA21009E4E41 /* Replay.app */ = {isa = PBXFileReference; explicitFileType = wrapper.application; includeInIndex = 0; path = Replay.app; sourceTree = BUILT_PRODUCTS_DIR; };
		3BAB45491E7FEA21009E4E41 /* AppDelegate.swift */ = {isa = PBXFileReference; lastKnownFileType = sourcecode.swift; path = AppDelegate.swift; sourceTree = "<group>"; };
		3BAB45501E7FEA21009E4E41 /* Assets.xcassets */ = {isa = PBXFileReference; lastKnownFileType = folder.assetcatalog; path = Assets.xcassets; sourceTree = "<group>"; };
		3BAB45531E7FEA21009E4E41 /* Base */ = {isa = PBXFileReference; lastKnownFileType = file.storyboard; name = Base; path = Base.lproj/LaunchScreen.storyboard; sourceTree = "<group>"; };
		3BAB45551E7FEA21009E4E41 /* Info.plist */ = {isa = PBXFileReference; lastKnownFileType = text.plist.xml; path = Info.plist; sourceTree = "<group>"; };
		3BAB455A1E7FEA21009E4E41 /* ReplayTests.xctest */ = {isa = PBXFileReference; explicitFileType = wrapper.cfbundle; includeInIndex = 0; path = ReplayTests.xctest; sourceTree = BUILT_PRODUCTS_DIR; };
		3BAB45601E7FEA21009E4E41 /* Info.plist */ = {isa = PBXFileReference; lastKnownFileType = text.plist.xml; path = Info.plist; sourceTree = "<group>"; };
		3BB613621E8AE1DE009EDF42 /* ReplayColors.swift */ = {isa = PBXFileReference; fileEncoding = 4; lastKnownFileType = sourcecode.swift; path = ReplayColors.swift; sourceTree = "<group>"; };
		3BC6B59E1E85AA890055F43F /* Movie.swift */ = {isa = PBXFileReference; fileEncoding = 4; lastKnownFileType = sourcecode.swift; path = Movie.swift; sourceTree = "<group>"; };
		3BC6B5A01E85F7D90055F43F /* MovieTests.swift */ = {isa = PBXFileReference; fileEncoding = 4; lastKnownFileType = sourcecode.swift; path = MovieTests.swift; sourceTree = "<group>"; };
		3BC6B5A21E86184F0055F43F /* OMDbAPI.swift */ = {isa = PBXFileReference; fileEncoding = 4; lastKnownFileType = sourcecode.swift; path = OMDbAPI.swift; sourceTree = "<group>"; };
		3BC6B5A41E8623620055F43F /* Stub.swift */ = {isa = PBXFileReference; fileEncoding = 4; lastKnownFileType = sourcecode.swift; path = Stub.swift; sourceTree = "<group>"; };
		3BC6B5A61E8626820055F43F /* MovieOMDb.json */ = {isa = PBXFileReference; fileEncoding = 4; lastKnownFileType = text.json; path = MovieOMDb.json; sourceTree = "<group>"; };
		3BC6B5A81E863E010055F43F /* MovieOMDb.swift */ = {isa = PBXFileReference; fileEncoding = 4; lastKnownFileType = sourcecode.swift; path = MovieOMDb.swift; sourceTree = "<group>"; };
		3BC6B5AA1E86E8B50055F43F /* MovieOMDbTests.swift */ = {isa = PBXFileReference; fileEncoding = 4; lastKnownFileType = sourcecode.swift; path = MovieOMDbTests.swift; sourceTree = "<group>"; };
		3BC6B5AC1E870DF40055F43F /* MovieIntro.swift */ = {isa = PBXFileReference; fileEncoding = 4; lastKnownFileType = sourcecode.swift; path = MovieIntro.swift; sourceTree = "<group>"; };
		3BC6B5FA1E88488A0055F43F /* IntroTableViewController.swift */ = {isa = PBXFileReference; fileEncoding = 4; lastKnownFileType = sourcecode.swift; path = IntroTableViewController.swift; sourceTree = "<group>"; };
		3BC6B6001E884A770055F43F /* Intro.storyboard */ = {isa = PBXFileReference; fileEncoding = 4; lastKnownFileType = file.storyboard; path = Intro.storyboard; sourceTree = "<group>"; };
		822D57B62D2E244CC118DC5C /* Pods_ReplayTests.framework */ = {isa = PBXFileReference; explicitFileType = wrapper.framework; includeInIndex = 0; path = Pods_ReplayTests.framework; sourceTree = BUILT_PRODUCTS_DIR; };
		88F24DCABE7F4637A8E8DD95 /* Pods-ReplayTests.debug.xcconfig */ = {isa = PBXFileReference; includeInIndex = 1; lastKnownFileType = text.xcconfig; name = "Pods-ReplayTests.debug.xcconfig"; path = "Pods/Target Support Files/Pods-ReplayTests/Pods-ReplayTests.debug.xcconfig"; sourceTree = "<group>"; };
		A233BD0F0D3339C967E6C686 /* Pods_Replay.framework */ = {isa = PBXFileReference; explicitFileType = wrapper.framework; includeInIndex = 0; path = Pods_Replay.framework; sourceTree = BUILT_PRODUCTS_DIR; };
		C52DB8F51F6F2404BB7BB291 /* Pods-ReplayTests.release.xcconfig */ = {isa = PBXFileReference; includeInIndex = 1; lastKnownFileType = text.xcconfig; name = "Pods-ReplayTests.release.xcconfig"; path = "Pods/Target Support Files/Pods-ReplayTests/Pods-ReplayTests.release.xcconfig"; sourceTree = "<group>"; };
		F89ADED056A6B853DF092534 /* Pods-Replay.release.xcconfig */ = {isa = PBXFileReference; includeInIndex = 1; lastKnownFileType = text.xcconfig; name = "Pods-Replay.release.xcconfig"; path = "Pods/Target Support Files/Pods-Replay/Pods-Replay.release.xcconfig"; sourceTree = "<group>"; };
/* End PBXFileReference section */

/* Begin PBXFrameworksBuildPhase section */
		3BAB45431E7FEA20009E4E41 /* Frameworks */ = {
			isa = PBXFrameworksBuildPhase;
			buildActionMask = 2147483647;
			files = (
				9C4B818D27DAB46D2A08AAB0 /* Pods_Replay.framework in Frameworks */,
			);
			runOnlyForDeploymentPostprocessing = 0;
		};
		3BAB45571E7FEA21009E4E41 /* Frameworks */ = {
			isa = PBXFrameworksBuildPhase;
			buildActionMask = 2147483647;
			files = (
				5AF79E92BA3EEF475365AD94 /* Pods_ReplayTests.framework in Frameworks */,
			);
			runOnlyForDeploymentPostprocessing = 0;
		};
/* End PBXFrameworksBuildPhase section */

/* Begin PBXGroup section */
		3B011BC71E81F10200DDA24D /* Utilities */ = {
			isa = PBXGroup;
			children = (
				3B011BCA1E81F74A00DDA24D /* JSONAble.swift */,
				3B011BC81E81F12A00DDA24D /* MoyaResponseExtension.swift */,
				3BC6B5A41E8623620055F43F /* Stub.swift */,
			);
			path = Utilities;
			sourceTree = "<group>";
		};
		3B011BCC1E82002900DDA24D /* Stubbed Responses */ = {
			isa = PBXGroup;
			children = (
				3BC6B5A61E8626820055F43F /* MovieOMDb.json */,
				3B011BCD1E82107700DDA24D /* Movie.json */,
			);
			path = "Stubbed Responses";
			sourceTree = "<group>";
		};
		3B011BCF1E82114A00DDA24D /* Models */ = {
			isa = PBXGroup;
			children = (
				3B011BD21E82122B00DDA24D /* Genre.swift */,
				3B011BD71E837BA200DDA24D /* ProductionCompany.swift */,
				3B011BDB1E837E9C00DDA24D /* ProductionCountry.swift */,
				3B43BCEB1E838E3D00FBBB66 /* SpokenLanguage.swift */,
				3B43BCF11E839B2400FBBB66 /* Video.swift */,
				3B43BCF51E83A59300FBBB66 /* BackdropImage.swift */,
				3BC6B59E1E85AA890055F43F /* Movie.swift */,
				3BC6B5A81E863E010055F43F /* MovieOMDb.swift */,
				3BC6B5AC1E870DF40055F43F /* MovieIntro.swift */,
			);
			path = Models;
			sourceTree = "<group>";
		};
		3B011BD41E824FAB00DDA24D /* Models */ = {
			isa = PBXGroup;
			children = (
				3B011BD51E824FDE00DDA24D /* GenreTests.swift */,
				3B011BD91E837CA000DDA24D /* ProductionCompanyTests.swift */,
				3B011BDD1E83806E00DDA24D /* ProductionCountryTests.swift */,
				3B43BCED1E838F3F00FBBB66 /* SpokenLanguageTests.swift */,
				3B43BCF31E83A17900FBBB66 /* VideoTests.swift */,
				3B43BCF71E83B4C600FBBB66 /* BackdropImageTests.swift */,
				3BC6B5A01E85F7D90055F43F /* MovieTests.swift */,
				3BC6B5AA1E86E8B50055F43F /* MovieOMDbTests.swift */,
			);
			path = Models;
			sourceTree = "<group>";
		};
		3B2EC0191E81275100435CA9 /* Networking */ = {
			isa = PBXGroup;
			children = (
				3B2EC01A1E81276D00435CA9 /* TMDbAPI.swift */,
				3B011BC31E81C92500DDA24D /* APIKeys.swift */,
				3BC6B5A21E86184F0055F43F /* OMDbAPI.swift */,
			);
			path = Networking;
			sourceTree = "<group>";
		};
		3BAB453D1E7FEA20009E4E41 = {
			isa = PBXGroup;
			children = (
				3BAB45481E7FEA21009E4E41 /* Replay */,
				3BAB455D1E7FEA21009E4E41 /* ReplayTests */,
				3BAB45471E7FEA21009E4E41 /* Products */,
				696448FB8DE1FC8088CB4FB5 /* Pods */,
				EB91077533346E160F8B86BF /* Frameworks */,
			);
			sourceTree = "<group>";
		};
		3BAB45471E7FEA21009E4E41 /* Products */ = {
			isa = PBXGroup;
			children = (
				3BAB45461E7FEA21009E4E41 /* Replay.app */,
				3BAB455A1E7FEA21009E4E41 /* ReplayTests.xctest */,
			);
			name = Products;
			sourceTree = "<group>";
		};
		3BAB45481E7FEA21009E4E41 /* Replay */ = {
			isa = PBXGroup;
			children = (
				3BB613611E8AE166009EDF42 /* Helpers */,
				3BC6B5FC1E8849870055F43F /* Views */,
				3BAB45491E7FEA21009E4E41 /* AppDelegate.swift */,
				3BAB45521E7FEA21009E4E41 /* LaunchScreen.storyboard */,
				3BC6B5F51E883F850055F43F /* Supporting Files */,
				3BC6B5F41E883F5B0055F43F /* Storyboards */,
				3BC6B5F31E883C750055F43F /* ViewControllers */,
				3B011BCF1E82114A00DDA24D /* Models */,
				3B011BCC1E82002900DDA24D /* Stubbed Responses */,
				3B011BC71E81F10200DDA24D /* Utilities */,
				3B2EC0191E81275100435CA9 /* Networking */,
			);
			path = Replay;
			sourceTree = "<group>";
		};
		3BAB455D1E7FEA21009E4E41 /* ReplayTests */ = {
			isa = PBXGroup;
			children = (
				3B011BD41E824FAB00DDA24D /* Models */,
				3BAB45601E7FEA21009E4E41 /* Info.plist */,
			);
			path = ReplayTests;
			sourceTree = "<group>";
		};
		3BB613611E8AE166009EDF42 /* Helpers */ = {
			isa = PBXGroup;
			children = (
				3BB613621E8AE1DE009EDF42 /* ReplayColors.swift */,
			);
			path = Helpers;
			sourceTree = "<group>";
		};
		3BC6B5F31E883C750055F43F /* ViewControllers */ = {
			isa = PBXGroup;
			children = (
				3BC6B5F91E8848420055F43F /* Intro */,
			);
			path = ViewControllers;
			sourceTree = "<group>";
		};
		3BC6B5F41E883F5B0055F43F /* Storyboards */ = {
			isa = PBXGroup;
			children = (
				3BC6B6001E884A770055F43F /* Intro.storyboard */,
			);
			path = Storyboards;
			sourceTree = "<group>";
		};
		3BC6B5F51E883F850055F43F /* Supporting Files */ = {
			isa = PBXGroup;
			children = (
				3BAB45501E7FEA21009E4E41 /* Assets.xcassets */,
				3BAB45551E7FEA21009E4E41 /* Info.plist */,
			);
			name = "Supporting Files";
			sourceTree = "<group>";
		};
		3BC6B5F91E8848420055F43F /* Intro */ = {
			isa = PBXGroup;
			children = (
				3BC6B5FA1E88488A0055F43F /* IntroTableViewController.swift */,
			);
			path = Intro;
			sourceTree = "<group>";
		};
		3BC6B5FC1E8849870055F43F /* Views */ = {
			isa = PBXGroup;
			children = (
				3BC6B5FD1E8849A00055F43F /* Intro */,
			);
			path = Views;
			sourceTree = "<group>";
		};
		3BC6B5FD1E8849A00055F43F /* Intro */ = {
			isa = PBXGroup;
			children = (
				3B701FB41E8A314300265595 /* IntroCollectionViewCell.xib */,
				3B701FB31E8A314300265595 /* IntroCollectionViewCell.swift */,
				3B701FB71E8A3B3200265595 /* IntroTableViewCell.swift */,
				3B701FB91E8A3DA700265595 /* IntroCollectionView.swift */,
			);
			path = Intro;
			sourceTree = "<group>";
		};
		696448FB8DE1FC8088CB4FB5 /* Pods */ = {
			isa = PBXGroup;
			children = (
				344B3A25ACA45F5ABB6A3D4F /* Pods-Replay.debug.xcconfig */,
				F89ADED056A6B853DF092534 /* Pods-Replay.release.xcconfig */,
				88F24DCABE7F4637A8E8DD95 /* Pods-ReplayTests.debug.xcconfig */,
				C52DB8F51F6F2404BB7BB291 /* Pods-ReplayTests.release.xcconfig */,
			);
			name = Pods;
			sourceTree = "<group>";
		};
		EB91077533346E160F8B86BF /* Frameworks */ = {
			isa = PBXGroup;
			children = (
				A233BD0F0D3339C967E6C686 /* Pods_Replay.framework */,
				822D57B62D2E244CC118DC5C /* Pods_ReplayTests.framework */,
			);
			name = Frameworks;
			sourceTree = "<group>";
		};
/* End PBXGroup section */

/* Begin PBXNativeTarget section */
		3BAB45451E7FEA20009E4E41 /* Replay */ = {
			isa = PBXNativeTarget;
			buildConfigurationList = 3BAB45631E7FEA21009E4E41 /* Build configuration list for PBXNativeTarget "Replay" */;
			buildPhases = (
				9DDD908F14684226109CB25F /* [CP] Check Pods Manifest.lock */,
				3BAB45421E7FEA20009E4E41 /* Sources */,
				3BAB45431E7FEA20009E4E41 /* Frameworks */,
				3BAB45441E7FEA20009E4E41 /* Resources */,
				3BAB45691E7FEB6D009E4E41 /* ShellScript */,
				0B40024A1CE34231C2D3D710 /* [CP] Embed Pods Frameworks */,
				37E664B32E170E6993038A29 /* [CP] Copy Pods Resources */,
			);
			buildRules = (
			);
			dependencies = (
			);
			name = Replay;
			productName = Replay;
			productReference = 3BAB45461E7FEA21009E4E41 /* Replay.app */;
			productType = "com.apple.product-type.application";
		};
		3BAB45591E7FEA21009E4E41 /* ReplayTests */ = {
			isa = PBXNativeTarget;
			buildConfigurationList = 3BAB45661E7FEA21009E4E41 /* Build configuration list for PBXNativeTarget "ReplayTests" */;
			buildPhases = (
				70698F89199D772D11B67405 /* [CP] Check Pods Manifest.lock */,
				3BAB45561E7FEA21009E4E41 /* Sources */,
				3BAB45571E7FEA21009E4E41 /* Frameworks */,
				3BAB45581E7FEA21009E4E41 /* Resources */,
				69CD2B7AE759624D9A3B3110 /* [CP] Embed Pods Frameworks */,
				DBA2E448401FF8251D0E3D1E /* [CP] Copy Pods Resources */,
			);
			buildRules = (
			);
			dependencies = (
				3BAB455C1E7FEA21009E4E41 /* PBXTargetDependency */,
			);
			name = ReplayTests;
			productName = ReplayTests;
			productReference = 3BAB455A1E7FEA21009E4E41 /* ReplayTests.xctest */;
			productType = "com.apple.product-type.bundle.unit-test";
		};
/* End PBXNativeTarget section */

/* Begin PBXProject section */
		3BAB453E1E7FEA20009E4E41 /* Project object */ = {
			isa = PBXProject;
			attributes = {
				LastSwiftUpdateCheck = 0820;
				LastUpgradeCheck = 0820;
				ORGANIZATIONNAME = "Wagner Souza";
				TargetAttributes = {
					3BAB45451E7FEA20009E4E41 = {
						CreatedOnToolsVersion = 8.2;
						ProvisioningStyle = Manual;
					};
					3BAB45591E7FEA21009E4E41 = {
						CreatedOnToolsVersion = 8.2;
						ProvisioningStyle = Automatic;
						TestTargetID = 3BAB45451E7FEA20009E4E41;
					};
				};
			};
			buildConfigurationList = 3BAB45411E7FEA20009E4E41 /* Build configuration list for PBXProject "Replay" */;
			compatibilityVersion = "Xcode 8.0";
			developmentRegion = English;
			hasScannedForEncodings = 0;
			knownRegions = (
				en,
				Base,
			);
			mainGroup = 3BAB453D1E7FEA20009E4E41;
			productRefGroup = 3BAB45471E7FEA21009E4E41 /* Products */;
			projectDirPath = "";
			projectRoot = "";
			targets = (
				3BAB45451E7FEA20009E4E41 /* Replay */,
				3BAB45591E7FEA21009E4E41 /* ReplayTests */,
			);
		};
/* End PBXProject section */

/* Begin PBXResourcesBuildPhase section */
		3BAB45441E7FEA20009E4E41 /* Resources */ = {
			isa = PBXResourcesBuildPhase;
			buildActionMask = 2147483647;
			files = (
				3BC6B5A71E8626820055F43F /* MovieOMDb.json in Resources */,
				3BAB45541E7FEA21009E4E41 /* LaunchScreen.storyboard in Resources */,
				3BAB45511E7FEA21009E4E41 /* Assets.xcassets in Resources */,
				3B011BCE1E82107700DDA24D /* Movie.json in Resources */,
				3BC6B6011E884A770055F43F /* Intro.storyboard in Resources */,
				3B701FB61E8A314300265595 /* IntroCollectionViewCell.xib in Resources */,
			);
			runOnlyForDeploymentPostprocessing = 0;
		};
		3BAB45581E7FEA21009E4E41 /* Resources */ = {
			isa = PBXResourcesBuildPhase;
			buildActionMask = 2147483647;
			files = (
			);
			runOnlyForDeploymentPostprocessing = 0;
		};
/* End PBXResourcesBuildPhase section */

/* Begin PBXShellScriptBuildPhase section */
		0B40024A1CE34231C2D3D710 /* [CP] Embed Pods Frameworks */ = {
			isa = PBXShellScriptBuildPhase;
			buildActionMask = 2147483647;
			files = (
			);
			inputPaths = (
			);
			name = "[CP] Embed Pods Frameworks";
			outputPaths = (
			);
			runOnlyForDeploymentPostprocessing = 0;
			shellPath = /bin/sh;
			shellScript = "\"${SRCROOT}/Pods/Target Support Files/Pods-Replay/Pods-Replay-frameworks.sh\"\n";
			showEnvVarsInLog = 0;
		};
		37E664B32E170E6993038A29 /* [CP] Copy Pods Resources */ = {
			isa = PBXShellScriptBuildPhase;
			buildActionMask = 2147483647;
			files = (
			);
			inputPaths = (
			);
			name = "[CP] Copy Pods Resources";
			outputPaths = (
			);
			runOnlyForDeploymentPostprocessing = 0;
			shellPath = /bin/sh;
			shellScript = "\"${SRCROOT}/Pods/Target Support Files/Pods-Replay/Pods-Replay-resources.sh\"\n";
			showEnvVarsInLog = 0;
		};
		3BAB45691E7FEB6D009E4E41 /* ShellScript */ = {
			isa = PBXShellScriptBuildPhase;
			buildActionMask = 2147483647;
			files = (
			);
			inputPaths = (
			);
			outputPaths = (
			);
			runOnlyForDeploymentPostprocessing = 0;
			shellPath = /bin/sh;
			shellScript = "if which swiftlint > /dev/null; then\n    swiftlint\nelse\n    echo \"Swiftlint not available\"\nfi";
		};
		69CD2B7AE759624D9A3B3110 /* [CP] Embed Pods Frameworks */ = {
			isa = PBXShellScriptBuildPhase;
			buildActionMask = 2147483647;
			files = (
			);
			inputPaths = (
			);
			name = "[CP] Embed Pods Frameworks";
			outputPaths = (
			);
			runOnlyForDeploymentPostprocessing = 0;
			shellPath = /bin/sh;
			shellScript = "\"${SRCROOT}/Pods/Target Support Files/Pods-ReplayTests/Pods-ReplayTests-frameworks.sh\"\n";
			showEnvVarsInLog = 0;
		};
		70698F89199D772D11B67405 /* [CP] Check Pods Manifest.lock */ = {
			isa = PBXShellScriptBuildPhase;
			buildActionMask = 2147483647;
			files = (
			);
			inputPaths = (
			);
			name = "[CP] Check Pods Manifest.lock";
			outputPaths = (
			);
			runOnlyForDeploymentPostprocessing = 0;
			shellPath = /bin/sh;
			shellScript = "diff \"${PODS_ROOT}/../Podfile.lock\" \"${PODS_ROOT}/Manifest.lock\" > /dev/null\nif [ $? != 0 ] ; then\n    # print error to STDERR\n    echo \"error: The sandbox is not in sync with the Podfile.lock. Run 'pod install' or update your CocoaPods installation.\" >&2\n    exit 1\nfi\n";
			showEnvVarsInLog = 0;
		};
		9DDD908F14684226109CB25F /* [CP] Check Pods Manifest.lock */ = {
			isa = PBXShellScriptBuildPhase;
			buildActionMask = 2147483647;
			files = (
			);
			inputPaths = (
			);
			name = "[CP] Check Pods Manifest.lock";
			outputPaths = (
			);
			runOnlyForDeploymentPostprocessing = 0;
			shellPath = /bin/sh;
			shellScript = "diff \"${PODS_ROOT}/../Podfile.lock\" \"${PODS_ROOT}/Manifest.lock\" > /dev/null\nif [ $? != 0 ] ; then\n    # print error to STDERR\n    echo \"error: The sandbox is not in sync with the Podfile.lock. Run 'pod install' or update your CocoaPods installation.\" >&2\n    exit 1\nfi\n";
			showEnvVarsInLog = 0;
		};
		DBA2E448401FF8251D0E3D1E /* [CP] Copy Pods Resources */ = {
			isa = PBXShellScriptBuildPhase;
			buildActionMask = 2147483647;
			files = (
			);
			inputPaths = (
			);
			name = "[CP] Copy Pods Resources";
			outputPaths = (
			);
			runOnlyForDeploymentPostprocessing = 0;
			shellPath = /bin/sh;
			shellScript = "\"${SRCROOT}/Pods/Target Support Files/Pods-ReplayTests/Pods-ReplayTests-resources.sh\"\n";
			showEnvVarsInLog = 0;
		};
/* End PBXShellScriptBuildPhase section */

/* Begin PBXSourcesBuildPhase section */
		3BAB45421E7FEA20009E4E41 /* Sources */ = {
			isa = PBXSourcesBuildPhase;
			buildActionMask = 2147483647;
			files = (
				3BB613631E8AE1DE009EDF42 /* ReplayColors.swift in Sources */,
				3B011BD81E837BA200DDA24D /* ProductionCompany.swift in Sources */,
				3B43BCF61E83A59300FBBB66 /* BackdropImage.swift in Sources */,
				3B011BDC1E837E9C00DDA24D /* ProductionCountry.swift in Sources */,
				3BAB454A1E7FEA21009E4E41 /* AppDelegate.swift in Sources */,
				3B701FBA1E8A3DA700265595 /* IntroCollectionView.swift in Sources */,
				3B701FB51E8A314300265595 /* IntroCollectionViewCell.swift in Sources */,
				3B011BC41E81C92500DDA24D /* APIKeys.swift in Sources */,
				3B011BCB1E81F74A00DDA24D /* JSONAble.swift in Sources */,
				3B2EC01B1E81276D00435CA9 /* TMDbAPI.swift in Sources */,
				3BC6B5FB1E88488A0055F43F /* IntroTableViewController.swift in Sources */,
				3BC6B5AD1E870DF40055F43F /* MovieIntro.swift in Sources */,
				3BC6B59F1E85AA890055F43F /* Movie.swift in Sources */,
				3B43BCF21E839B2400FBBB66 /* Video.swift in Sources */,
				3BC6B5A51E8623620055F43F /* Stub.swift in Sources */,
				3BC6B5A31E86184F0055F43F /* OMDbAPI.swift in Sources */,
				3BC6B5A91E863E010055F43F /* MovieOMDb.swift in Sources */,
				3B43BCEC1E838E3D00FBBB66 /* SpokenLanguage.swift in Sources */,
				3B011BC91E81F12A00DDA24D /* MoyaResponseExtension.swift in Sources */,
				3B701FB81E8A3B3200265595 /* IntroTableViewCell.swift in Sources */,
				3B011BD31E82122B00DDA24D /* Genre.swift in Sources */,
			);
			runOnlyForDeploymentPostprocessing = 0;
		};
		3BAB45561E7FEA21009E4E41 /* Sources */ = {
			isa = PBXSourcesBuildPhase;
			buildActionMask = 2147483647;
			files = (
				3B011BDE1E83806E00DDA24D /* ProductionCountryTests.swift in Sources */,
				3B011BD61E824FDE00DDA24D /* GenreTests.swift in Sources */,
				3B43BCF41E83A17900FBBB66 /* VideoTests.swift in Sources */,
				3B43BCEE1E838F3F00FBBB66 /* SpokenLanguageTests.swift in Sources */,
				3BC6B5AB1E86E8B50055F43F /* MovieOMDbTests.swift in Sources */,
				3B43BCF81E83B4C600FBBB66 /* BackdropImageTests.swift in Sources */,
				3BC6B5A11E85F7D90055F43F /* MovieTests.swift in Sources */,
				3B011BDA1E837CA000DDA24D /* ProductionCompanyTests.swift in Sources */,
			);
			runOnlyForDeploymentPostprocessing = 0;
		};
/* End PBXSourcesBuildPhase section */

/* Begin PBXTargetDependency section */
		3BAB455C1E7FEA21009E4E41 /* PBXTargetDependency */ = {
			isa = PBXTargetDependency;
			target = 3BAB45451E7FEA20009E4E41 /* Replay */;
			targetProxy = 3BAB455B1E7FEA21009E4E41 /* PBXContainerItemProxy */;
		};
/* End PBXTargetDependency section */

/* Begin PBXVariantGroup section */
		3BAB45521E7FEA21009E4E41 /* LaunchScreen.storyboard */ = {
			isa = PBXVariantGroup;
			children = (
				3BAB45531E7FEA21009E4E41 /* Base */,
			);
			name = LaunchScreen.storyboard;
			sourceTree = "<group>";
		};
/* End PBXVariantGroup section */

/* Begin XCBuildConfiguration section */
		3BAB45611E7FEA21009E4E41 /* Debug */ = {
			isa = XCBuildConfiguration;
			buildSettings = {
				ALWAYS_SEARCH_USER_PATHS = NO;
				CLANG_ANALYZER_NONNULL = YES;
				CLANG_CXX_LANGUAGE_STANDARD = "gnu++0x";
				CLANG_CXX_LIBRARY = "libc++";
				CLANG_ENABLE_MODULES = YES;
				CLANG_ENABLE_OBJC_ARC = YES;
				CLANG_WARN_BOOL_CONVERSION = YES;
				CLANG_WARN_CONSTANT_CONVERSION = YES;
				CLANG_WARN_DIRECT_OBJC_ISA_USAGE = YES_ERROR;
				CLANG_WARN_DOCUMENTATION_COMMENTS = YES;
				CLANG_WARN_EMPTY_BODY = YES;
				CLANG_WARN_ENUM_CONVERSION = YES;
				CLANG_WARN_INFINITE_RECURSION = YES;
				CLANG_WARN_INT_CONVERSION = YES;
				CLANG_WARN_OBJC_ROOT_CLASS = YES_ERROR;
				CLANG_WARN_SUSPICIOUS_MOVE = YES;
				CLANG_WARN_UNREACHABLE_CODE = YES;
				CLANG_WARN__DUPLICATE_METHOD_MATCH = YES;
				"CODE_SIGN_IDENTITY[sdk=iphoneos*]" = "iPhone Developer";
				COPY_PHASE_STRIP = NO;
				DEBUG_INFORMATION_FORMAT = dwarf;
				ENABLE_STRICT_OBJC_MSGSEND = YES;
				ENABLE_TESTABILITY = YES;
				GCC_C_LANGUAGE_STANDARD = gnu99;
				GCC_DYNAMIC_NO_PIC = NO;
				GCC_NO_COMMON_BLOCKS = YES;
				GCC_OPTIMIZATION_LEVEL = 0;
				GCC_PREPROCESSOR_DEFINITIONS = (
					"DEBUG=1",
					"$(inherited)",
				);
				GCC_WARN_64_TO_32_BIT_CONVERSION = YES;
				GCC_WARN_ABOUT_RETURN_TYPE = YES_ERROR;
				GCC_WARN_UNDECLARED_SELECTOR = YES;
				GCC_WARN_UNINITIALIZED_AUTOS = YES_AGGRESSIVE;
				GCC_WARN_UNUSED_FUNCTION = YES;
				GCC_WARN_UNUSED_VARIABLE = YES;
				IPHONEOS_DEPLOYMENT_TARGET = 10.3;
				MTL_ENABLE_DEBUG_INFO = YES;
				ONLY_ACTIVE_ARCH = YES;
				SDKROOT = iphoneos;
				SWIFT_ACTIVE_COMPILATION_CONDITIONS = DEBUG;
				SWIFT_OPTIMIZATION_LEVEL = "-Onone";
				TARGETED_DEVICE_FAMILY = "1,2";
			};
			name = Debug;
		};
		3BAB45621E7FEA21009E4E41 /* Release */ = {
			isa = XCBuildConfiguration;
			buildSettings = {
				ALWAYS_SEARCH_USER_PATHS = NO;
				CLANG_ANALYZER_NONNULL = YES;
				CLANG_CXX_LANGUAGE_STANDARD = "gnu++0x";
				CLANG_CXX_LIBRARY = "libc++";
				CLANG_ENABLE_MODULES = YES;
				CLANG_ENABLE_OBJC_ARC = YES;
				CLANG_WARN_BOOL_CONVERSION = YES;
				CLANG_WARN_CONSTANT_CONVERSION = YES;
				CLANG_WARN_DIRECT_OBJC_ISA_USAGE = YES_ERROR;
				CLANG_WARN_DOCUMENTATION_COMMENTS = YES;
				CLANG_WARN_EMPTY_BODY = YES;
				CLANG_WARN_ENUM_CONVERSION = YES;
				CLANG_WARN_INFINITE_RECURSION = YES;
				CLANG_WARN_INT_CONVERSION = YES;
				CLANG_WARN_OBJC_ROOT_CLASS = YES_ERROR;
				CLANG_WARN_SUSPICIOUS_MOVE = YES;
				CLANG_WARN_UNREACHABLE_CODE = YES;
				CLANG_WARN__DUPLICATE_METHOD_MATCH = YES;
				"CODE_SIGN_IDENTITY[sdk=iphoneos*]" = "iPhone Developer";
				COPY_PHASE_STRIP = NO;
				DEBUG_INFORMATION_FORMAT = "dwarf-with-dsym";
				ENABLE_NS_ASSERTIONS = NO;
				ENABLE_STRICT_OBJC_MSGSEND = YES;
				GCC_C_LANGUAGE_STANDARD = gnu99;
				GCC_NO_COMMON_BLOCKS = YES;
				GCC_WARN_64_TO_32_BIT_CONVERSION = YES;
				GCC_WARN_ABOUT_RETURN_TYPE = YES_ERROR;
				GCC_WARN_UNDECLARED_SELECTOR = YES;
				GCC_WARN_UNINITIALIZED_AUTOS = YES_AGGRESSIVE;
				GCC_WARN_UNUSED_FUNCTION = YES;
				GCC_WARN_UNUSED_VARIABLE = YES;
				IPHONEOS_DEPLOYMENT_TARGET = 10.3;
				MTL_ENABLE_DEBUG_INFO = NO;
				SDKROOT = iphoneos;
				SWIFT_OPTIMIZATION_LEVEL = "-Owholemodule";
				TARGETED_DEVICE_FAMILY = "1,2";
				VALIDATE_PRODUCT = YES;
			};
			name = Release;
		};
		3BAB45641E7FEA21009E4E41 /* Debug */ = {
			isa = XCBuildConfiguration;
			baseConfigurationReference = 344B3A25ACA45F5ABB6A3D4F /* Pods-Replay.debug.xcconfig */;
			buildSettings = {
				ASSETCATALOG_COMPILER_APPICON_NAME = AppIcon;
				"CODE_SIGN_IDENTITY[sdk=iphoneos*]" = "iPhone Developer";
				DEVELOPMENT_TEAM = "";
				INFOPLIST_FILE = Replay/Info.plist;
				IPHONEOS_DEPLOYMENT_TARGET = 10.3;
				LD_RUNPATH_SEARCH_PATHS = "$(inherited) @executable_path/Frameworks";
				PRODUCT_BUNDLE_IDENTIFIER = wagnersouz4.github.io.Replay;
				PRODUCT_NAME = "$(TARGET_NAME)";
				SWIFT_VERSION = 3.0;
			};
			name = Debug;
		};
		3BAB45651E7FEA21009E4E41 /* Release */ = {
			isa = XCBuildConfiguration;
			baseConfigurationReference = F89ADED056A6B853DF092534 /* Pods-Replay.release.xcconfig */;
			buildSettings = {
				ASSETCATALOG_COMPILER_APPICON_NAME = AppIcon;
				"CODE_SIGN_IDENTITY[sdk=iphoneos*]" = "iPhone Developer";
				DEVELOPMENT_TEAM = "";
				INFOPLIST_FILE = Replay/Info.plist;
				IPHONEOS_DEPLOYMENT_TARGET = 10.3;
				LD_RUNPATH_SEARCH_PATHS = "$(inherited) @executable_path/Frameworks";
				PRODUCT_BUNDLE_IDENTIFIER = wagnersouz4.github.io.Replay;
				PRODUCT_NAME = "$(TARGET_NAME)";
				SWIFT_VERSION = 3.0;
			};
			name = Release;
		};
		3BAB45671E7FEA21009E4E41 /* Debug */ = {
			isa = XCBuildConfiguration;
			baseConfigurationReference = 88F24DCABE7F4637A8E8DD95 /* Pods-ReplayTests.debug.xcconfig */;
			buildSettings = {
				ALWAYS_EMBED_SWIFT_STANDARD_LIBRARIES = "$(inherited)";
				BUNDLE_LOADER = "$(TEST_HOST)";
				DEVELOPMENT_TEAM = G6F3D3D22Y;
				INFOPLIST_FILE = ReplayTests/Info.plist;
				LD_RUNPATH_SEARCH_PATHS = "$(inherited) @executable_path/Frameworks @loader_path/Frameworks";
				PRODUCT_BUNDLE_IDENTIFIER = wagnersouz4.github.io.ReplayTests;
				PRODUCT_NAME = "$(TARGET_NAME)";
				SWIFT_VERSION = 3.0;
				TEST_HOST = "$(BUILT_PRODUCTS_DIR)/Replay.app/Replay";
			};
			name = Debug;
		};
		3BAB45681E7FEA21009E4E41 /* Release */ = {
			isa = XCBuildConfiguration;
			baseConfigurationReference = C52DB8F51F6F2404BB7BB291 /* Pods-ReplayTests.release.xcconfig */;
			buildSettings = {
				ALWAYS_EMBED_SWIFT_STANDARD_LIBRARIES = "$(inherited)";
				BUNDLE_LOADER = "$(TEST_HOST)";
				DEVELOPMENT_TEAM = G6F3D3D22Y;
				INFOPLIST_FILE = ReplayTests/Info.plist;
				LD_RUNPATH_SEARCH_PATHS = "$(inherited) @executable_path/Frameworks @loader_path/Frameworks";
				PRODUCT_BUNDLE_IDENTIFIER = wagnersouz4.github.io.ReplayTests;
				PRODUCT_NAME = "$(TARGET_NAME)";
				SWIFT_VERSION = 3.0;
				TEST_HOST = "$(BUILT_PRODUCTS_DIR)/Replay.app/Replay";
			};
			name = Release;
		};
/* End XCBuildConfiguration section */

/* Begin XCConfigurationList section */
		3BAB45411E7FEA20009E4E41 /* Build configuration list for PBXProject "Replay" */ = {
			isa = XCConfigurationList;
			buildConfigurations = (
				3BAB45611E7FEA21009E4E41 /* Debug */,
				3BAB45621E7FEA21009E4E41 /* Release */,
			);
			defaultConfigurationIsVisible = 0;
			defaultConfigurationName = Release;
		};
		3BAB45631E7FEA21009E4E41 /* Build configuration list for PBXNativeTarget "Replay" */ = {
			isa = XCConfigurationList;
			buildConfigurations = (
				3BAB45641E7FEA21009E4E41 /* Debug */,
				3BAB45651E7FEA21009E4E41 /* Release */,
			);
			defaultConfigurationIsVisible = 0;
			defaultConfigurationName = Release;
		};
		3BAB45661E7FEA21009E4E41 /* Build configuration list for PBXNativeTarget "ReplayTests" */ = {
			isa = XCConfigurationList;
			buildConfigurations = (
				3BAB45671E7FEA21009E4E41 /* Debug */,
				3BAB45681E7FEA21009E4E41 /* Release */,
			);
			defaultConfigurationIsVisible = 0;
			defaultConfigurationName = Release;
		};
/* End XCConfigurationList section */
	};
	rootObject = 3BAB453E1E7FEA20009E4E41 /* Project object */;
}
